{
  "name": "users",
  "version": "1.0.0",
  "lockfileVersion": 2,
  "requires": true,
  "packages": {
    "": {
      "name": "users",
      "version": "1.0.0",
      "license": "ISC",
      "dependencies": {
        "simplecoder": "^3.1.0"
      }
    },
    "node_modules/simplecoder": {
      "version": "3.1.0",
      "resolved": "https://registry.npmjs.org/simplecoder/-/simplecoder-3.1.0.tgz",
      "integrity": "sha512-eEYw1aDOO4X0qnRSufCH4EYuQLf6OmdMLk8wMmaan+t/nWaK60XMrMFtMbI7gV7Sq9DABnCo5s+oIBiEoSxu4w==",
      "bin": {
        "simplecoder": "cli.js"
      },
      "engines": {
        "node": ">=8.0.0"
      }
    }
  },
  "dependencies": {
    "simplecoder": {
      "version": "3.1.0",
      "resolved": "https://registry.npmjs.org/simplecoder/-/simplecoder-3.1.0.tgz",
      "integrity": "sha512-eEYw1aDOO4X0qnRSufCH4EYuQLf6OmdMLk8wMmaan+t/nWaK60XMrMFtMbI7gV7Sq9DABnCo5s+oIBiEoSxu4w=="
    }
  }
}
